
Microsoft Visual Studio Solution File, Format Version 12.00
# Visual Studio 2012
Project("{8BC9CEB8-8B4A-11D0-8D11-00A0C91BC942}") = "FizzBuzz", "FizzBuzz\FizzBuzz.vcxproj", "{FC67A69C-3DDC-48EF-8AD9-0DF97C28DEE8}"
EndProject
Global
	GlobalSection(SolutionConfigurationPlatforms) = preSolution
		Debug|Win32 = Debug|Win32
		Release|Win32 = Release|Win32
	EndGlobalSection
	GlobalSection(ProjectConfigurationPlatforms) = postSolution
		{FC67A69C-3DDC-48EF-8AD9-0DF97C28DEE8}.Debug|Win32.ActiveCfg = Debug|Win32
		{FC67A69C-3DDC-48EF-8AD9-0DF97C28DEE8}.Debug|Win32.Build.0 = Debug|Win32
		{FC67A69C-3DDC-48EF-8AD9-0DF97C28DEE8}.Release|Win32.ActiveCfg = Release|Win32
		{FC67A69C-3DDC-48EF-8AD9-0DF97C28DEE8}.Release|Win32.Build.0 = Release|Win32
	EndGlobalSection
	GlobalSection(SolutionProperties) = preSolution
		HideSolutionNode = FALSE
	EndGlobalSection
EndGlobal
